
Microsoft Visual Studio Solution File, Format Version 12.00
# Visual Studio Version 16
VisualStudioVersion = 16.0.29609.76
MinimumVisualStudioVersion = 10.0.40219.1
Project("{FAE04EC0-301F-11D3-BF4B-00C04F79EFBC}") = "OOPBasicaoParte01", "OOPBasicaoParte01.csproj", "{31EBA154-CD30-4BC5-A2B1-8A59C273A7C8}"
EndProject
Project("{FAE04EC0-301F-11D3-BF4B-00C04F79EFBC}") = "Loja", "Loja\Loja.csproj", "{010AEABE-F1C3-455E-8366-C3E5DE3B1F32}"
EndProject
Project("{FAE04EC0-301F-11D3-BF4B-00C04F79EFBC}") = "LojaManager", "LojaManager\LojaManager.csproj", "{81FCC64D-58CE-4453-A17D-227865AB5AEE}"
EndProject
Global
	GlobalSection(SolutionConfigurationPlatforms) = preSolution
		Debug|Any CPU = Debug|Any CPU
		Release|Any CPU = Release|Any CPU
	EndGlobalSection
	GlobalSection(ProjectConfigurationPlatforms) = postSolution
		{31EBA154-CD30-4BC5-A2B1-8A59C273A7C8}.Debug|Any CPU.ActiveCfg = Debug|Any CPU
		{31EBA154-CD30-4BC5-A2B1-8A59C273A7C8}.Debug|Any CPU.Build.0 = Debug|Any CPU
		{31EBA154-CD30-4BC5-A2B1-8A59C273A7C8}.Release|Any CPU.ActiveCfg = Release|Any CPU
		{31EBA154-CD30-4BC5-A2B1-8A59C273A7C8}.Release|Any CPU.Build.0 = Release|Any CPU
		{010AEABE-F1C3-455E-8366-C3E5DE3B1F32}.Debug|Any CPU.ActiveCfg = Debug|Any CPU
		{010AEABE-F1C3-455E-8366-C3E5DE3B1F32}.Debug|Any CPU.Build.0 = Debug|Any CPU
		{010AEABE-F1C3-455E-8366-C3E5DE3B1F32}.Release|Any CPU.ActiveCfg = Release|Any CPU
		{010AEABE-F1C3-455E-8366-C3E5DE3B1F32}.Release|Any CPU.Build.0 = Release|Any CPU
		{81FCC64D-58CE-4453-A17D-227865AB5AEE}.Debug|Any CPU.ActiveCfg = Debug|Any CPU
		{81FCC64D-58CE-4453-A17D-227865AB5AEE}.Debug|Any CPU.Build.0 = Debug|Any CPU
		{81FCC64D-58CE-4453-A17D-227865AB5AEE}.Release|Any CPU.ActiveCfg = Release|Any CPU
		{81FCC64D-58CE-4453-A17D-227865AB5AEE}.Release|Any CPU.Build.0 = Release|Any CPU
	EndGlobalSection
	GlobalSection(SolutionProperties) = preSolution
		HideSolutionNode = FALSE
	EndGlobalSection
	GlobalSection(ExtensibilityGlobals) = postSolution
		SolutionGuid = {D8AD9D6C-3103-426B-9AFF-9F471E33A28B}
	EndGlobalSection
EndGlobal
